# This file is automatically @generated by Cargo.
# It is not intended for manual editing.
version = 3

[[package]]
name = "blake2b-ref"
version = "0.3.1"
source = "registry+https://github.com/rust-lang/crates.io-index"
checksum = "294d17c72e0ba59fad763caa112368d0672083779cdebbb97164f4bb4c1e339a"

[[package]]
name = "buddy-alloc"
version = "0.5.1"
source = "registry+https://github.com/rust-lang/crates.io-index"
checksum = "1f0d2da64a6a895d5a7e0724882825d50f83c13396b1b9f1878e19a024bab395"

[[package]]
name = "cc"
version = "1.0.90"
source = "registry+https://github.com/rust-lang/crates.io-index"
checksum = "8cd6604a82acf3039f1144f54b8eb34e91ffba622051189e71b781822d5ee1f5"

[[package]]
name = "cfg-if"
version = "1.0.0"
source = "registry+https://github.com/rust-lang/crates.io-index"
checksum = "baf1de4339761588bc0619e3cbc0120ee582ebb74b53b4efbf79117bd2da40fd"

[[package]]
name = "ckb-standalone-types"
version = "0.1.5"
source = "registry+https://github.com/rust-lang/crates.io-index"
checksum = "b5c776d70eb4f60a22a3180857646d77b2da8d33c0c4a063ad9f6610fc94609f"
dependencies = [
 "blake2b-ref",
 "cfg-if",
 "molecule",
]

[[package]]
name = "ckb-std"
version = "0.14.3"
source = "registry+https://github.com/rust-lang/crates.io-index"
checksum = "2a08518aa0fd4ce069d3ec80b63dcd3d6543ad3805ad1c0b4e1d8e4d38f8a9fc"
dependencies = [
 "buddy-alloc",
 "cc",
 "ckb-standalone-types",
]

[[package]]
name = "molecule"
version = "0.7.5"
source = "registry+https://github.com/rust-lang/crates.io-index"
checksum = "d4fd9767ab5e5f2ea40f71ff4c8bdb633c50509052e093c2fdd0e390a749dfa3"
dependencies = [
 "cfg-if",
]

[[package]]
name = "unique-type"
version = "0.1.0"
dependencies = [
 "ckb-std",
]
