lockfileVersion: '6.0'

settings:
  autoInstallPeers: true
  excludeLinksFromLockfile: false

dependencies:
  '@ckb-lumos/lumos':
    specifier: ^0.23.0
    version: 0.23.0
  '@nervosnetwork/ckb-sdk-core':
    specifier: ^0.109.1
    version: 0.109.4
  '@nervosnetwork/ckb-sdk-rpc':
    specifier: ^0.109.1
    version: 0.109.4
  '@nervosnetwork/ckb-sdk-utils':
    specifier: ^0.109.1
    version: 0.109.4
  '@rgbpp-sdk/ckb':
    specifier: 0.0.0-snap-20240324134200
    version: 0.0.0-snap-20240324134200

devDependencies:
  '@types/node':
    specifier: ^20.11.28
    version: 20.17.10
  typescript:
    specifier: ^5.4.2
    version: 5.7.2

packages:

  /@ckb-lumos/base@0.21.1:
    resolution: {integrity: sha512-7O+jBl7pqMsRbYTMNnbpamgaQzvaLZq+ftMtnKZ3A+Zbs6hZcGbz/6nfbRZnyJitPXQHRPT5KAQz6g+TiYqJGg==}
    engines: {node: '>=12.0.0'}
    dependencies:
      '@ckb-lumos/bi': 0.21.1
      '@ckb-lumos/codec': 0.21.1
      '@ckb-lumos/toolkit': 0.21.1
      '@types/blake2b': 2.1.3
      '@types/lodash.isequal': 4.5.8
      blake2b: 2.1.4
      js-xxhash: 1.0.4
      lodash.isequal: 4.5.0
    dev: false

  /@ckb-lumos/base@0.23.0:
    resolution: {integrity: sha512-8aLFsUyWIK0rT7GQlYFuXyiG5lQ2bLRK2GvUsxv5G7I3nJ1UyxjwvVOdtlsR/cwhzOam3ujwqASqBIayBL6GLA==}
    engines: {node: '>=12.0.0'}
    dependencies:
      '@ckb-lumos/bi': 0.23.0
      '@ckb-lumos/codec': 0.23.0
      '@ckb-lumos/toolkit': 0.23.0
      '@types/blake2b': 2.1.3
      '@types/lodash.isequal': 4.5.8
      blake2b: 2.1.4
      js-xxhash: 1.0.4
      lodash.isequal: 4.5.0
    dev: false

  /@ckb-lumos/bi@0.21.1:
    resolution: {integrity: sha512-6q8uesvu3DAM7GReei9H5seino4tnakTeg8uXtZBPDC6rboMohLCPQvEwhl1iHmsybXvBYVQt4Te1BPPZtuaRw==}
    engines: {node: '>=12.0.0'}
    dependencies:
      jsbi: 4.3.0
    dev: false

  /@ckb-lumos/bi@0.22.0-next.5:
    resolution: {integrity: sha512-hfh9PQDLJeZedlJ6qBVxx2MR9ndU0XyIl53vh1I+S4SGmvl/z2PGEY06vN34nkjmZ/1c87/KW+sL2Cpii0IxGg==}
    engines: {node: '>=12.0.0'}
    dependencies:
      jsbi: 4.3.0
    dev: false

  /@ckb-lumos/bi@0.23.0:
    resolution: {integrity: sha512-KAy+lyVpL+Al4XD+c9tHrA9DSpHkMusyXtTS81aNZi5MyL6F9jrVmFcqLorhfyfl8Fsv2sEjMe5Neo2Y+w/RJQ==}
    engines: {node: '>=12.0.0'}
    dependencies:
      jsbi: 4.3.0
    dev: false

  /@ckb-lumos/ckb-indexer@0.23.0:
    resolution: {integrity: sha512-yLODLJzvtz4M6W6OJR4iRbBTUGrKReV2dhVePPjbH/HRkRY6f6J6cEM9+qM2I3QABmaCXeAM3hWvnWU9hjalQQ==}
    engines: {node: '>=12.0.0'}
    dependencies:
      '@ckb-lumos/base': 0.23.0
      '@ckb-lumos/bi': 0.23.0
      '@ckb-lumos/codec': 0.23.0
      '@ckb-lumos/rpc': 0.23.0
      '@ckb-lumos/toolkit': 0.23.0
      cross-fetch: 3.2.0
      events: 3.3.0
    transitivePeerDependencies:
      - encoding
    dev: false

  /@ckb-lumos/codec@0.21.1:
    resolution: {integrity: sha512-z6IUUxVZrx663iC7VM9CmaQZL8jsdM3ybgz0UCS24JgBXTNec+Uz0/Zrl7yeH6fBpVls44C2wObcHKigKaNVAA==}
    engines: {node: '>=12.0.0'}
    dependencies:
      '@ckb-lumos/bi': 0.21.1
    dev: false

  /@ckb-lumos/codec@0.22.0-next.5:
    resolution: {integrity: sha512-AVvREoEc0zSbGSdFZOph1WL9QtUKUjQ2PABpApROMTqDCryG9/FpBrInjm2y50USZlwcEE3+ocEqFqJjfuTXKQ==}
    engines: {node: '>=12.0.0'}
    dependencies:
      '@ckb-lumos/bi': 0.22.0-next.5
    dev: false

  /@ckb-lumos/codec@0.23.0:
    resolution: {integrity: sha512-FwYooXnsFDjlHHnlFnCTB1UbBzV72I0VjkRpeauFk5nQ4+/75xl28ywK3J14M+0aHTnYU9msXUTRDAGqC0CaNQ==}
    engines: {node: '>=12.0.0'}
    dependencies:
      '@ckb-lumos/bi': 0.23.0
    dev: false

  /@ckb-lumos/common-scripts@0.23.0:
    resolution: {integrity: sha512-Dwic0Al94afdGNu+TGAMmZiU5OVF/zvXbzhCvNmkFS25t8BxPdFjGEc0MlWBI4ZSEoGRrC0O+BOxjzfl5VxSYg==}
    engines: {node: '>=12.0.0'}
    dependencies:
      '@ckb-lumos/base': 0.23.0
      '@ckb-lumos/bi': 0.23.0
      '@ckb-lumos/codec': 0.23.0
      '@ckb-lumos/config-manager': 0.23.0
      '@ckb-lumos/helpers': 0.23.0
      '@ckb-lumos/rpc': 0.23.0
      '@ckb-lumos/toolkit': 0.23.0
      bech32: 2.0.0
      bs58: 5.0.0
      immutable: 4.3.7
    transitivePeerDependencies:
      - encoding
    dev: false

  /@ckb-lumos/config-manager@0.23.0:
    resolution: {integrity: sha512-MvNyzGIJTmIpEf5WJB3TkE4icZyZ2HZhFIfJB2SXDRAC84E02jxENPelCnqRbM1rlFHnxjh/5a/oCi5LcXefag==}
    engines: {node: '>=12.0.0'}
    dependencies:
      '@ckb-lumos/base': 0.23.0
      '@ckb-lumos/bi': 0.23.0
      '@ckb-lumos/codec': 0.23.0
      '@ckb-lumos/rpc': 0.23.0
      '@types/deep-freeze-strict': 1.1.2
      deep-freeze-strict: 1.1.1
    transitivePeerDependencies:
      - encoding
    dev: false

  /@ckb-lumos/hd@0.23.0:
    resolution: {integrity: sha512-z7EsR/GeX54hq4ukqwW3nrqLCsYrTWIFAjZLR1Ao8xycqQp0IBjCWZLLjRrZY6krbUQpVOoiKo3NBLpPW36LXg==}
    engines: {node: '>=12.0.0'}
    dependencies:
      '@ckb-lumos/base': 0.23.0
      '@ckb-lumos/bi': 0.23.0
      bn.js: 5.2.1
      elliptic: 6.6.1
      scrypt-js: 3.0.1
      sha3: 2.1.4
      uuid: 8.3.2
    dev: false

  /@ckb-lumos/helpers@0.23.0:
    resolution: {integrity: sha512-yfD28vSn1BBk8BA+/ivL7pF3rMsx4OPQ+UUJjsQiR1zGdkNR3zhJOecgICeddJGYDTBBDVgwHcuyoekLxQzmGg==}
    engines: {node: '>=12.0.0'}
    dependencies:
      '@ckb-lumos/base': 0.23.0
      '@ckb-lumos/bi': 0.23.0
      '@ckb-lumos/codec': 0.23.0
      '@ckb-lumos/config-manager': 0.23.0
      '@ckb-lumos/toolkit': 0.23.0
      bech32: 2.0.0
      immutable: 4.3.7
    transitivePeerDependencies:
      - encoding
    dev: false

  /@ckb-lumos/light-client@0.23.0:
    resolution: {integrity: sha512-O+dbfubDjl0iODiQ8Q+RVJLfuXYNCN6c0am8xEv4vvazLwfw1y/vn6fG/pFu9Mc1GahZ58y9o6fkUgs8ujH3Mg==}
    engines: {node: '>=12.0.0'}
    dependencies:
      '@ckb-lumos/base': 0.23.0
      '@ckb-lumos/ckb-indexer': 0.23.0
      '@ckb-lumos/rpc': 0.23.0
      cross-fetch: 3.2.0
      events: 3.3.0
    transitivePeerDependencies:
      - encoding
    dev: false

  /@ckb-lumos/lumos@0.23.0:
    resolution: {integrity: sha512-ocsmzgTgevVwyQeQkUZrg4PLJCfX48D5MEBNYTMoGh5b1g0f1iEBHcAgw4WBGOKgMJQmGRmWB5P6tPDZ3OZBwQ==}
    engines: {node: '>=12.0.0'}
    dependencies:
      '@ckb-lumos/base': 0.23.0
      '@ckb-lumos/bi': 0.23.0
      '@ckb-lumos/ckb-indexer': 0.23.0
      '@ckb-lumos/codec': 0.23.0
      '@ckb-lumos/common-scripts': 0.23.0
      '@ckb-lumos/config-manager': 0.23.0
      '@ckb-lumos/hd': 0.23.0
      '@ckb-lumos/helpers': 0.23.0
      '@ckb-lumos/light-client': 0.23.0
      '@ckb-lumos/rpc': 0.23.0
      '@ckb-lumos/toolkit': 0.23.0
      '@ckb-lumos/transaction-manager': 0.23.0
    transitivePeerDependencies:
      - encoding
    dev: false

  /@ckb-lumos/rpc@0.23.0:
    resolution: {integrity: sha512-NEY1Wb2cNMYdHwcZYtd8XZ3CP6WGPd25hcsudoDAFlAt9vjHsPlNiwSS7tcZCZfg1XiJy3taViVgG8pFemgpbA==}
    engines: {node: '>=12.0.0'}
    dependencies:
      '@ckb-lumos/base': 0.23.0
      '@ckb-lumos/bi': 0.23.0
      abort-controller: 3.0.0
      cross-fetch: 3.2.0
    transitivePeerDependencies:
      - encoding
    dev: false

  /@ckb-lumos/toolkit@0.21.1:
    resolution: {integrity: sha512-awrFos7uQXEVGbqKSv/8Fc8B8XAfxdYoyYak4zFyAAmxxA0NiTTvk9V8TsOA7zVXpxct4Jal22+qUe+4Jg8T/g==}
    engines: {node: '>=12.0.0'}
    dependencies:
      '@ckb-lumos/bi': 0.21.1
    dev: false

  /@ckb-lumos/toolkit@0.23.0:
    resolution: {integrity: sha512-7LTsUFfoNCBWJLgh+V/QFnemjGw+y4mmLeQvubwYuJqIPIhIpwKUuKRzkvVG8snA8xVQSfjSSQOs5m3mKp66Kg==}
    engines: {node: '>=12.0.0'}
    dependencies:
      '@ckb-lumos/bi': 0.23.0
    dev: false

  /@ckb-lumos/transaction-manager@0.23.0:
    resolution: {integrity: sha512-sfwt2g8JlYxr5jRx5r/UZNffTpkwn3sh4dD2THzKmX0S1CsSgww2D1ZD7yruWwSu05ZLKlDPFVKyJ50tNc3LuQ==}
    engines: {node: '>=12.0.0'}
    dependencies:
      '@ckb-lumos/base': 0.23.0
      '@ckb-lumos/ckb-indexer': 0.23.0
      '@ckb-lumos/codec': 0.23.0
      '@ckb-lumos/rpc': 0.23.0
      '@ckb-lumos/toolkit': 0.23.0
      immutable: 4.3.7
    transitivePeerDependencies:
      - encoding
    dev: false

  /@nervosnetwork/ckb-sdk-core@0.109.4:
    resolution: {integrity: sha512-ejZ8LL542OV7jvCPM1ReN+UqwynY8JBG/G/YDK4iLNjV58MQPv3E+vxAINM6kouUIWwGmpd5D/72UYM+JI60bQ==}
    dependencies:
      '@nervosnetwork/ckb-sdk-rpc': 0.109.4
      '@nervosnetwork/ckb-sdk-utils': 0.109.4
      '@nervosnetwork/ckb-types': 0.109.4
      tslib: 2.3.1
    transitivePeerDependencies:
      - debug
    dev: false

  /@nervosnetwork/ckb-sdk-rpc@0.109.4:
    resolution: {integrity: sha512-MXpUgQhgmzfe5o1teGvilAhYp4cwk8W9z97fqVr82NHUyCkIgB6kABVn9KiGxMGB/iLzzX9Ex2Pn/6GyVUjOzw==}
    dependencies:
      '@nervosnetwork/ckb-sdk-utils': 0.109.4
      axios: 1.7.4
      tslib: 2.3.1
    transitivePeerDependencies:
      - debug
    dev: false

  /@nervosnetwork/ckb-sdk-utils@0.109.4:
    resolution: {integrity: sha512-Td/vGKHMQ2zxumt1ViFLqMGBws/G2j5XvcOdXAqhKV4vKIdzhmR18ve6fNhdIjE7xGWH5bHO/dbXVbgVGUsPNQ==}
    dependencies:
      '@nervosnetwork/ckb-types': 0.109.4
      bech32: 2.0.0
      elliptic: 6.6.0
      jsbi: 3.1.3
      tslib: 2.3.1
    dev: false

  /@nervosnetwork/ckb-types@0.109.4:
    resolution: {integrity: sha512-paA5URfnR58enL3OvT/Bv0ZuQpAZGlk5pjvzly4Q/pkRAeJVA0ks94zf4y8hTcvBCjSlEG8KCt0fI4r/sAylTg==}
    dev: false

  /@rgbpp-sdk/ckb@0.0.0-snap-20240324134200:
    resolution: {integrity: sha512-2+gTlvPlthYGMBJZ3Uw14HM64aGIAX4PuW3yu70p1SFiLcJM0x5JyiAA6o23JayssuxqlzCZmg2PWeVetP2u+A==}
    dependencies:
      '@ckb-lumos/base': 0.21.1
      '@ckb-lumos/codec': 0.22.0-next.5
      '@nervosnetwork/ckb-sdk-core': 0.109.4
      '@nervosnetwork/ckb-sdk-utils': 0.109.4
      '@nervosnetwork/ckb-types': 0.109.4
      axios: 1.7.9
      bignumber.js: 9.1.2
      camelcase-keys: 7.0.2
      js-sha256: 0.11.0
    transitivePeerDependencies:
      - debug
    dev: false

  /@types/blake2b@2.1.3:
    resolution: {integrity: sha512-MFCdX0MNxFBP/xEILO5Td0kv6nI7+Q2iRWZbTL/yzH2/eDVZS5Wd1LHdsmXClvsCyzqaZfHFzZaN6BUeUCfSDA==}
    dev: false

  /@types/deep-freeze-strict@1.1.2:
    resolution: {integrity: sha512-VvMETBojHvhX4f+ocYTySQlXMZfxKV3Jyb7iCWlWaC+exbedkv6Iv2bZZqI736qXjVguH6IH7bzwMBMfTT+zuQ==}
    dev: false

  /@types/lodash.isequal@4.5.8:
    resolution: {integrity: sha512-uput6pg4E/tj2LGxCZo9+y27JNyB2OZuuI/T5F+ylVDYuqICLG2/ktjxx0v6GvVntAf8TvEzeQLcV0ffRirXuA==}
    dependencies:
      '@types/lodash': 4.17.13
    dev: false

  /@types/lodash@4.17.13:
    resolution: {integrity: sha512-lfx+dftrEZcdBPczf9d0Qv0x+j/rfNCMuC6OcfXmO8gkfeNAY88PgKUbvG56whcN23gc27yenwF6oJZXGFpYxg==}
    dev: false

  /@types/node@20.17.10:
    resolution: {integrity: sha512-/jrvh5h6NXhEauFFexRin69nA0uHJ5gwk4iDivp/DeoEua3uwCUto6PC86IpRITBOs4+6i2I56K5x5b6WYGXHA==}
    dependencies:
      undici-types: 6.19.8
    dev: true

  /abort-controller@3.0.0:
    resolution: {integrity: sha512-h8lQ8tacZYnR3vNQTgibj+tODHI5/+l06Au2Pcriv/Gmet0eaj4TwWH41sO9wnHDiQsEj19q0drzdWdeAHtweg==}
    engines: {node: '>=6.5'}
    dependencies:
      event-target-shim: 5.0.1
    dev: false

  /asynckit@0.4.0:
    resolution: {integrity: sha512-Oei9OH4tRh0YqU3GxhX79dM/mwVgvbZJaSNaRk+bshkj0S5cfHcgYakreBjrHwatXKbz+IoIdYLxrKim2MjW0Q==}
    dev: false

  /axios@1.7.4:
    resolution: {integrity: sha512-DukmaFRnY6AzAALSH4J2M3k6PkaC+MfaAGdEERRWcC9q3/TWQwLpHR8ZRLKTdQ3aBDL64EdluRDjJqKw+BPZEw==}
    dependencies:
      follow-redirects: 1.15.9
      form-data: 4.0.1
      proxy-from-env: 1.1.0
    transitivePeerDependencies:
      - debug
    dev: false

  /axios@1.7.9:
    resolution: {integrity: sha512-LhLcE7Hbiryz8oMDdDptSrWowmB4Bl6RCt6sIJKpRB4XtVf0iEgewX3au/pJqm+Py1kCASkb/FFKjxQaLtxJvw==}
    dependencies:
      follow-redirects: 1.15.9
      form-data: 4.0.1
      proxy-from-env: 1.1.0
    transitivePeerDependencies:
      - debug
    dev: false

  /b4a@1.6.7:
    resolution: {integrity: sha512-OnAYlL5b7LEkALw87fUVafQw5rVR9RjwGd4KUwNQ6DrrNmaVaUCgLipfVlzrPQ4tWOR9P0IXGNOx50jYCCdSJg==}
    dev: false

  /base-x@4.0.0:
    resolution: {integrity: sha512-FuwxlW4H5kh37X/oW59pwTzzTKRzfrrQwhmyspRM7swOEZcHtDZSCt45U6oKgtuFE+WYPblePMVIPR4RZrh/hw==}
    dev: false

  /base64-js@1.5.1:
    resolution: {integrity: sha512-AKpaYlHn8t4SVbOHCy+b5+KKgvR4vrsD8vbvrbiQJps7fKDTkjkDry6ji0rUJjC0kzbNePLwzxq8iypo41qeWA==}
    dev: false

  /bech32@2.0.0:
    resolution: {integrity: sha512-LcknSilhIGatDAsY1ak2I8VtGaHNhgMSYVxFrGLXv+xLHytaKZKcaUJJUE7qmBr7h33o5YQwP55pMI0xmkpJwg==}
    dev: false

  /bignumber.js@9.1.2:
    resolution: {integrity: sha512-2/mKyZH9K85bzOEfhXDBFZTGd1CTs+5IHpeFQo9luiBG7hghdC851Pj2WAhb6E3R6b9tZj/XKhbg4fum+Kepug==}
    dev: false

  /blake2b-wasm@2.4.0:
    resolution: {integrity: sha512-S1kwmW2ZhZFFFOghcx73+ZajEfKBqhP82JMssxtLVMxlaPea1p9uoLiUZ5WYyHn0KddwbLc+0vh4wR0KBNoT5w==}
    dependencies:
      b4a: 1.6.7
      nanoassert: 2.0.0
    dev: false

  /blake2b@2.1.4:
    resolution: {integrity: sha512-AyBuuJNI64gIvwx13qiICz6H6hpmjvYS5DGkG6jbXMOT8Z3WUJ3V1X0FlhIoT1b/5JtHE3ki+xjtMvu1nn+t9A==}
    dependencies:
      blake2b-wasm: 2.4.0
      nanoassert: 2.0.0
    dev: false

  /bn.js@4.12.1:
    resolution: {integrity: sha512-k8TVBiPkPJT9uHLdOKfFpqcfprwBFOAAXXozRubr7R7PfIuKvQlzcI4M0pALeqXN09vdaMbUdUj+pass+uULAg==}
    dev: false

  /bn.js@5.2.1:
    resolution: {integrity: sha512-eXRvHzWyYPBuB4NBy0cmYQjGitUrtqwbvlzP3G6VFnNRbsZQIxQ10PbKKHt8gZ/HW/D/747aDl+QkDqg3KQLMQ==}
    dev: false

  /brorand@1.1.0:
    resolution: {integrity: sha512-cKV8tMCEpQs4hK/ik71d6LrPOnpkpGBR0wzxqr68g2m/LB2GxVYQroAjMJZRVM1Y4BCjCKc3vAamxSzOY2RP+w==}
    dev: false

  /bs58@5.0.0:
    resolution: {integrity: sha512-r+ihvQJvahgYT50JD05dyJNKlmmSlMoOGwn1lCcEzanPglg7TxYjioQUYehQ9mAR/+hOSd2jRc/Z2y5UxBymvQ==}
    dependencies:
      base-x: 4.0.0
    dev: false

  /buffer@6.0.3:
    resolution: {integrity: sha512-FTiCpNxtwiZZHEZbcbTIcZjERVICn9yq/pDFkTl95/AxzD1naBctN7YO68riM/gLSDY7sdrMby8hofADYuuqOA==}
    dependencies:
      base64-js: 1.5.1
      ieee754: 1.2.1
    dev: false

  /camelcase-keys@7.0.2:
    resolution: {integrity: sha512-Rjs1H+A9R+Ig+4E/9oyB66UC5Mj9Xq3N//vcLf2WzgdTi/3gUu3Z9KoqmlrEG4VuuLK8wJHofxzdQXz/knhiYg==}
    engines: {node: '>=12'}
    dependencies:
      camelcase: 6.3.0
      map-obj: 4.3.0
      quick-lru: 5.1.1
      type-fest: 1.4.0
    dev: false

  /camelcase@6.3.0:
    resolution: {integrity: sha512-Gmy6FhYlCY7uOElZUSbxo2UCDH8owEk996gkbrpsgGtrJLM3J7jGxl9Ic7Qwwj4ivOE5AWZWRMecDdF7hqGjFA==}
    engines: {node: '>=10'}
    dev: false

  /combined-stream@1.0.8:
    resolution: {integrity: sha512-FQN4MRfuJeHf7cBbBMJFXhKSDq+2kAArBlmRBvcvFE5BB1HZKXtSFASDhdlz9zOYwxh8lDdnvmMOe/+5cdoEdg==}
    engines: {node: '>= 0.8'}
    dependencies:
      delayed-stream: 1.0.0
    dev: false

  /cross-fetch@3.2.0:
    resolution: {integrity: sha512-Q+xVJLoGOeIMXZmbUK4HYk+69cQH6LudR0Vu/pRm2YlU/hDV9CiS0gKUMaWY5f2NeUH9C1nV3bsTlCo0FsTV1Q==}
    dependencies:
      node-fetch: 2.7.0
    transitivePeerDependencies:
      - encoding
    dev: false

  /deep-freeze-strict@1.1.1:
    resolution: {integrity: sha512-QemROZMM2IvhAcCFvahdX2Vbm4S/txeq5rFYU9fh4mQP79WTMW5c/HkQ2ICl1zuzcDZdPZ6zarDxQeQMsVYoNA==}
    dev: false

  /delayed-stream@1.0.0:
    resolution: {integrity: sha512-ZySD7Nf91aLB0RxL4KGrKHBXl7Eds1DAmEdcoVawXnLD7SDhpNgtuII2aAkg7a7QS41jxPSZ17p4VdGnMHk3MQ==}
    engines: {node: '>=0.4.0'}
    dev: false

  /elliptic@6.6.0:
    resolution: {integrity: sha512-dpwoQcLc/2WLQvJvLRHKZ+f9FgOdjnq11rurqwekGQygGPsYSK29OMMD2WalatiqQ+XGFDglTNixpPfI+lpaAA==}
    dependencies:
      bn.js: 4.12.1
      brorand: 1.1.0
      hash.js: 1.1.7
      hmac-drbg: 1.0.1
      inherits: 2.0.4
      minimalistic-assert: 1.0.1
      minimalistic-crypto-utils: 1.0.1
    dev: false

  /elliptic@6.6.1:
    resolution: {integrity: sha512-RaddvvMatK2LJHqFJ+YA4WysVN5Ita9E35botqIYspQ4TkRAlCicdzKOjlyv/1Za5RyTNn7di//eEV0uTAfe3g==}
    dependencies:
      bn.js: 4.12.1
      brorand: 1.1.0
      hash.js: 1.1.7
      hmac-drbg: 1.0.1
      inherits: 2.0.4
      minimalistic-assert: 1.0.1
      minimalistic-crypto-utils: 1.0.1
    dev: false

  /event-target-shim@5.0.1:
    resolution: {integrity: sha512-i/2XbnSz/uxRCU6+NdVJgKWDTM427+MqYbkQzD321DuCQJUqOuJKIA0IM2+W2xtYHdKOmZ4dR6fExsd4SXL+WQ==}
    engines: {node: '>=6'}
    dev: false

  /events@3.3.0:
    resolution: {integrity: sha512-mQw+2fkQbALzQ7V0MY0IqdnXNOeTtP4r0lN9z7AAawCXgqea7bDii20AYrIBrFd/Hx0M2Ocz6S111CaFkUcb0Q==}
    engines: {node: '>=0.8.x'}
    dev: false

  /follow-redirects@1.15.9:
    resolution: {integrity: sha512-gew4GsXizNgdoRyqmyfMHyAmXsZDk6mHkSxZFCzW9gwlbtOW44CDtYavM+y+72qD/Vq2l550kMF52DT8fOLJqQ==}
    engines: {node: '>=4.0'}
    peerDependencies:
      debug: '*'
    peerDependenciesMeta:
      debug:
        optional: true
    dev: false

  /form-data@4.0.1:
    resolution: {integrity: sha512-tzN8e4TX8+kkxGPK8D5u0FNmjPUjw3lwC9lSLxxoB/+GtsJG91CO8bSWy73APlgAZzZbXEYZJuxjkHH2w+Ezhw==}
    engines: {node: '>= 6'}
    dependencies:
      asynckit: 0.4.0
      combined-stream: 1.0.8
      mime-types: 2.1.35
    dev: false

  /hash.js@1.1.7:
    resolution: {integrity: sha512-taOaskGt4z4SOANNseOviYDvjEJinIkRgmp7LbKP2YTTmVxWBl87s/uzK9r+44BclBSp2X7K1hqeNfz9JbBeXA==}
    dependencies:
      inherits: 2.0.4
      minimalistic-assert: 1.0.1
    dev: false

  /hmac-drbg@1.0.1:
    resolution: {integrity: sha512-Tti3gMqLdZfhOQY1Mzf/AanLiqh1WTiJgEj26ZuYQ9fbkLomzGchCws4FyrSd4VkpBfiNhaE1On+lOz894jvXg==}
    dependencies:
      hash.js: 1.1.7
      minimalistic-assert: 1.0.1
      minimalistic-crypto-utils: 1.0.1
    dev: false

  /ieee754@1.2.1:
    resolution: {integrity: sha512-dcyqhDvX1C46lXZcVqCpK+FtMRQVdIMN6/Df5js2zouUsqG7I6sFxitIC+7KYK29KdXOLHdu9zL4sFnoVQnqaA==}
    dev: false

  /immutable@4.3.7:
    resolution: {integrity: sha512-1hqclzwYwjRDFLjcFxOM5AYkkG0rpFPpr1RLPMEuGczoS7YA8gLhy8SWXYRAA/XwfEHpfo3cw5JGioS32fnMRw==}
    dev: false

  /inherits@2.0.4:
    resolution: {integrity: sha512-k/vGaX4/Yla3WzyMCvTQOXYeIHvqOKtnqBduzTHpzpQZzAskKMhZ2K+EnBiSM9zGSoIFeMpXKxa4dYeZIQqewQ==}
    dev: false

  /js-sha256@0.11.0:
    resolution: {integrity: sha512-6xNlKayMZvds9h1Y1VWc0fQHQ82BxTXizWPEtEeGvmOUYpBRy4gbWroHLpzowe6xiQhHpelCQiE7HEdznyBL9Q==}
    dev: false

  /js-xxhash@1.0.4:
    resolution: {integrity: sha512-S/6Oo7ruxx5k8m4qlMnbpwQdJjRsvvfcIhIk1dA9c5y5GNhYHKYKu9krEK3QgBax6CxJuf4gRL2opgLkdzWIKg==}
    engines: {node: '>=8.0.0'}
    dev: false

  /jsbi@3.1.3:
    resolution: {integrity: sha512-nBJqA0C6Qns+ZxurbEoIR56wyjiUszpNy70FHvxO5ervMoCbZVE3z3kxr5nKGhlxr/9MhKTSUBs7cAwwuf3g9w==}
    dev: false

  /jsbi@4.3.0:
    resolution: {integrity: sha512-SnZNcinB4RIcnEyZqFPdGPVgrg2AcnykiBy0sHVJQKHYeaLUvi3Exj+iaPpLnFVkDPZIV4U0yvgC9/R4uEAZ9g==}
    dev: false

  /lodash.isequal@4.5.0:
    resolution: {integrity: sha512-pDo3lu8Jhfjqls6GkMgpahsF9kCyayhgykjyLMNFTKWrpVdAQtYyB4muAMWozBB4ig/dtWAmsMxLEI8wuz+DYQ==}
    dev: false

  /map-obj@4.3.0:
    resolution: {integrity: sha512-hdN1wVrZbb29eBGiGjJbeP8JbKjq1urkHJ/LIP/NY48MZ1QVXUsQBV1G1zvYFHn1XE06cwjBsOI2K3Ulnj1YXQ==}
    engines: {node: '>=8'}
    dev: false

  /mime-db@1.52.0:
    resolution: {integrity: sha512-sPU4uV7dYlvtWJxwwxHD0PuihVNiE7TyAbQ5SWxDCB9mUYvOgroQOwYQQOKPJ8CIbE+1ETVlOoK1UC2nU3gYvg==}
    engines: {node: '>= 0.6'}
    dev: false

  /mime-types@2.1.35:
    resolution: {integrity: sha512-ZDY+bPm5zTTF+YpCrAU9nK0UgICYPT0QtT1NZWFv4s++TNkcgVaT0g6+4R2uI4MjQjzysHB1zxuWL50hzaeXiw==}
    engines: {node: '>= 0.6'}
    dependencies:
      mime-db: 1.52.0
    dev: false

  /minimalistic-assert@1.0.1:
    resolution: {integrity: sha512-UtJcAD4yEaGtjPezWuO9wC4nwUnVH/8/Im3yEHQP4b67cXlD/Qr9hdITCU1xDbSEXg2XKNaP8jsReV7vQd00/A==}
    dev: false

  /minimalistic-crypto-utils@1.0.1:
    resolution: {integrity: sha512-JIYlbt6g8i5jKfJ3xz7rF0LXmv2TkDxBLUkiBeZ7bAx4GnnNMr8xFpGnOxn6GhTEHx3SjRrZEoU+j04prX1ktg==}
    dev: false

  /nanoassert@2.0.0:
    resolution: {integrity: sha512-7vO7n28+aYO4J+8w96AzhmU8G+Y/xpPDJz/se19ICsqj/momRbb9mh9ZUtkoJ5X3nTnPdhEJyc0qnM6yAsHBaA==}
    dev: false

  /node-fetch@2.7.0:
    resolution: {integrity: sha512-c4FRfUm/dbcWZ7U+1Wq0AwCyFL+3nt2bEw05wfxSz+DWpWsitgmSgYmy2dQdWyKC1694ELPqMs/YzUSNozLt8A==}
    engines: {node: 4.x || >=6.0.0}
    peerDependencies:
      encoding: ^0.1.0
    peerDependenciesMeta:
      encoding:
        optional: true
    dependencies:
      whatwg-url: 5.0.0
    dev: false

  /proxy-from-env@1.1.0:
    resolution: {integrity: sha512-D+zkORCbA9f1tdWRK0RaCR3GPv50cMxcrz4X8k5LTSUD1Dkw47mKJEZQNunItRTkWwgtaUSo1RVFRIG9ZXiFYg==}
    dev: false

  /quick-lru@5.1.1:
    resolution: {integrity: sha512-WuyALRjWPDGtt/wzJiadO5AXY+8hZ80hVpe6MyivgraREW751X3SbhRvG3eLKOYN+8VEvqLcf3wdnt44Z4S4SA==}
    engines: {node: '>=10'}
    dev: false

  /scrypt-js@3.0.1:
    resolution: {integrity: sha512-cdwTTnqPu0Hyvf5in5asVdZocVDTNRmR7XEcJuIzMjJeSHybHl7vpB66AzwTaIg6CLSbtjcxc8fqcySfnTkccA==}
    dev: false

  /sha3@2.1.4:
    resolution: {integrity: sha512-S8cNxbyb0UGUM2VhRD4Poe5N58gJnJsLJ5vC7FYWGUmGhcsj4++WaIOBFVDxlG0W3To6xBuiRh+i0Qp2oNCOtg==}
    dependencies:
      buffer: 6.0.3
    dev: false

  /tr46@0.0.3:
    resolution: {integrity: sha512-N3WMsuqV66lT30CrXNbEjx4GEwlow3v6rr4mCcv6prnfwhS01rkgyFdjPNBYd9br7LpXV1+Emh01fHnq2Gdgrw==}
    dev: false

  /tslib@2.3.1:
    resolution: {integrity: sha512-77EbyPPpMz+FRFRuAFlWMtmgUWGe9UOG2Z25NqCwiIjRhOf5iKGuzSe5P2w1laq+FkRy4p+PCuVkJSGkzTEKVw==}
    dev: false

  /type-fest@1.4.0:
    resolution: {integrity: sha512-yGSza74xk0UG8k+pLh5oeoYirvIiWo5t0/o3zHHAO2tRDiZcxWP7fywNlXhqb6/r6sWvwi+RsyQMWhVLe4BVuA==}
    engines: {node: '>=10'}
    dev: false

  /typescript@5.7.2:
    resolution: {integrity: sha512-i5t66RHxDvVN40HfDd1PsEThGNnlMCMT3jMUuoh9/0TaqWevNontacunWyN02LA9/fIbEWlcHZcgTKb9QoaLfg==}
    engines: {node: '>=14.17'}
    hasBin: true
    dev: true

  /undici-types@6.19.8:
    resolution: {integrity: sha512-ve2KP6f/JnbPBFyobGHuerC9g1FYGn/F8n1LWTwNxCEzd6IfqTwUQcNXgEtmmQ6DlRrC1hrSrBnCZPokRrDHjw==}
    dev: true

  /uuid@8.3.2:
    resolution: {integrity: sha512-+NYs2QeMWy+GWFOEm9xnn6HCDp0l7QBD7ml8zLUmJ+93Q5NF0NocErnwkTkXVFNiX3/fpC6afS8Dhb/gz7R7eg==}
    hasBin: true
    dev: false

  /webidl-conversions@3.0.1:
    resolution: {integrity: sha512-2JAn3z8AR6rjK8Sm8orRC0h/bcl/DqL7tRPdGZ4I1CjdF+EaMLmYxBHyXuKL849eucPFhvBoxMsflfOb8kxaeQ==}
    dev: false

  /whatwg-url@5.0.0:
    resolution: {integrity: sha512-saE57nupxk6v3HY35+jzBwYa0rKSy0XR8JSxZPwgLr7ys0IBzhGviA1/TUGJLmSVqs8pb9AnvICXEuOHLprYTw==}
    dependencies:
      tr46: 0.0.3
      webidl-conversions: 3.0.1
    dev: false
